
Microsoft Visual Studio Solution File, Format Version 12.00
# Visual Studio Version 16
VisualStudioVersion = 16.0.29728.190
MinimumVisualStudioVersion = 10.0.40219.1
Project("{FAE04EC0-301F-11D3-BF4B-00C04F79EFBC}") = "AzureUploader.Library", "AzureUploader.Library\AzureUploader.Library.csproj", "{B0DCA295-EB8A-4B14-82C9-D62B35424C37}"
EndProject
Project("{FAE04EC0-301F-11D3-BF4B-00C04F79EFBC}") = "SampleApp", "SampleApp\SampleApp.csproj", "{2151EAAE-E9F4-424A-8A75-4BF86CB3BE73}"
EndProject
Global
	GlobalSection(SolutionConfigurationPlatforms) = preSolution
		Debug|Any CPU = Debug|Any CPU
		Release|Any CPU = Release|Any CPU
	EndGlobalSection
	GlobalSection(ProjectConfigurationPlatforms) = postSolution
		{B0DCA295-EB8A-4B14-82C9-D62B35424C37}.Debug|Any CPU.ActiveCfg = Debug|Any CPU
		{B0DCA295-EB8A-4B14-82C9-D62B35424C37}.Debug|Any CPU.Build.0 = Debug|Any CPU
		{B0DCA295-EB8A-4B14-82C9-D62B35424C37}.Release|Any CPU.ActiveCfg = Release|Any CPU
		{B0DCA295-EB8A-4B14-82C9-D62B35424C37}.Release|Any CPU.Build.0 = Release|Any CPU
		{2151EAAE-E9F4-424A-8A75-4BF86CB3BE73}.Debug|Any CPU.ActiveCfg = Debug|Any CPU
		{2151EAAE-E9F4-424A-8A75-4BF86CB3BE73}.Debug|Any CPU.Build.0 = Debug|Any CPU
		{2151EAAE-E9F4-424A-8A75-4BF86CB3BE73}.Release|Any CPU.ActiveCfg = Release|Any CPU
		{2151EAAE-E9F4-424A-8A75-4BF86CB3BE73}.Release|Any CPU.Build.0 = Release|Any CPU
	EndGlobalSection
	GlobalSection(SolutionProperties) = preSolution
		HideSolutionNode = FALSE
	EndGlobalSection
	GlobalSection(ExtensibilityGlobals) = postSolution
		SolutionGuid = {55F85777-0452-4340-A978-95CED16A55FB}
	EndGlobalSection
EndGlobal
