
Microsoft Visual Studio Solution File, Format Version 12.00
# Visual Studio Version 16
VisualStudioVersion = 16.0.29728.190
MinimumVisualStudioVersion = 10.0.40219.1
Project("{9A19103F-16F7-4668-BE54-9A1E7A4F7556}") = "AzureUploader.RCL", "AzureUploader.RCL\AzureUploader.RCL.csproj", "{73B9C04F-D42E-4E17-B82E-B6BA342E3FEC}"
EndProject
Project("{9A19103F-16F7-4668-BE54-9A1E7A4F7556}") = "SampleApp", "SampleApp\SampleApp.csproj", "{A7A3D405-C802-4968-9D9B-94423E83A146}"
EndProject
Project("{9A19103F-16F7-4668-BE54-9A1E7A4F7556}") = "BlazorSample", "BlazorSample\BlazorSample.csproj", "{FE046A2A-6381-40D9-8637-A20832B1730A}"
EndProject
Global
	GlobalSection(SolutionConfigurationPlatforms) = preSolution
		Debug|Any CPU = Debug|Any CPU
		Release|Any CPU = Release|Any CPU
	EndGlobalSection
	GlobalSection(ProjectConfigurationPlatforms) = postSolution
		{73B9C04F-D42E-4E17-B82E-B6BA342E3FEC}.Debug|Any CPU.ActiveCfg = Debug|Any CPU
		{73B9C04F-D42E-4E17-B82E-B6BA342E3FEC}.Debug|Any CPU.Build.0 = Debug|Any CPU
		{73B9C04F-D42E-4E17-B82E-B6BA342E3FEC}.Release|Any CPU.ActiveCfg = Release|Any CPU
		{73B9C04F-D42E-4E17-B82E-B6BA342E3FEC}.Release|Any CPU.Build.0 = Release|Any CPU
		{A7A3D405-C802-4968-9D9B-94423E83A146}.Debug|Any CPU.ActiveCfg = Debug|Any CPU
		{A7A3D405-C802-4968-9D9B-94423E83A146}.Debug|Any CPU.Build.0 = Debug|Any CPU
		{A7A3D405-C802-4968-9D9B-94423E83A146}.Release|Any CPU.ActiveCfg = Release|Any CPU
		{A7A3D405-C802-4968-9D9B-94423E83A146}.Release|Any CPU.Build.0 = Release|Any CPU
		{FE046A2A-6381-40D9-8637-A20832B1730A}.Debug|Any CPU.ActiveCfg = Debug|Any CPU
		{FE046A2A-6381-40D9-8637-A20832B1730A}.Debug|Any CPU.Build.0 = Debug|Any CPU
		{FE046A2A-6381-40D9-8637-A20832B1730A}.Release|Any CPU.ActiveCfg = Release|Any CPU
		{FE046A2A-6381-40D9-8637-A20832B1730A}.Release|Any CPU.Build.0 = Release|Any CPU
	EndGlobalSection
	GlobalSection(SolutionProperties) = preSolution
		HideSolutionNode = FALSE
	EndGlobalSection
	GlobalSection(ExtensibilityGlobals) = postSolution
		SolutionGuid = {3A5D6BD3-076D-48C0-A7AA-AC3394892922}
	EndGlobalSection
EndGlobal
